
Microsoft Visual Studio Solution File, Format Version 12.00
# Visual Studio Version 17
VisualStudioVersion = 17.11.35312.102
MinimumVisualStudioVersion = 10.0.40219.1
Project("{FAE04EC0-301F-11D3-BF4B-00C04F79EFBC}") = "job applications", "job applications\job applications.csproj", "{3993EA58-6F27-460C-AFB8-2E9E6DD330D6}"
EndProject
Global
	GlobalSection(SolutionConfigurationPlatforms) = preSolution
		Debug|Any CPU = Debug|Any CPU
		Release|Any CPU = Release|Any CPU
	EndGlobalSection
	GlobalSection(ProjectConfigurationPlatforms) = postSolution
		{3993EA58-6F27-460C-AFB8-2E9E6DD330D6}.Debug|Any CPU.ActiveCfg = Debug|Any CPU
		{3993EA58-6F27-460C-AFB8-2E9E6DD330D6}.Debug|Any CPU.Build.0 = Debug|Any CPU
		{3993EA58-6F27-460C-AFB8-2E9E6DD330D6}.Release|Any CPU.ActiveCfg = Release|Any CPU
		{3993EA58-6F27-460C-AFB8-2E9E6DD330D6}.Release|Any CPU.Build.0 = Release|Any CPU
	EndGlobalSection
	GlobalSection(SolutionProperties) = preSolution
		HideSolutionNode = FALSE
	EndGlobalSection
	GlobalSection(ExtensibilityGlobals) = postSolution
		SolutionGuid = {3C1E88F9-97CB-43F0-89E9-F201F7E2DB4B}
	EndGlobalSection
EndGlobal
